
Microsoft Visual Studio Solution File, Format Version 12.00
# Visual Studio Version 16
VisualStudioVersion = 16.0.29609.76
MinimumVisualStudioVersion = 10.0.40219.1
Project("{FAE04EC0-301F-11D3-BF4B-00C04F79EFBC}") = "kostroEugenMail", "kostroEugenMail\kostroEugenMail.csproj", "{662326A4-846A-4F5F-84F9-3DD057B66CA7}"
EndProject
Global
	GlobalSection(SolutionConfigurationPlatforms) = preSolution
		Debug|Any CPU = Debug|Any CPU
		Release|Any CPU = Release|Any CPU
	EndGlobalSection
	GlobalSection(ProjectConfigurationPlatforms) = postSolution
		{662326A4-846A-4F5F-84F9-3DD057B66CA7}.Debug|Any CPU.ActiveCfg = Debug|Any CPU
		{662326A4-846A-4F5F-84F9-3DD057B66CA7}.Debug|Any CPU.Build.0 = Debug|Any CPU
		{662326A4-846A-4F5F-84F9-3DD057B66CA7}.Release|Any CPU.ActiveCfg = Release|Any CPU
		{662326A4-846A-4F5F-84F9-3DD057B66CA7}.Release|Any CPU.Build.0 = Release|Any CPU
	EndGlobalSection
	GlobalSection(SolutionProperties) = preSolution
		HideSolutionNode = FALSE
	EndGlobalSection
	GlobalSection(ExtensibilityGlobals) = postSolution
		SolutionGuid = {593123D0-3C9C-431F-A59A-65950CCC4D6F}
	EndGlobalSection
EndGlobal
